{
  "version": "2",
  "remote": {
    "https://deno.land/std@0.150.0/_util/assert.ts": "e94f2eb37cebd7f199952e242c77654e43333c1ac4c5c700e929ea3aa5489f74",
    "https://deno.land/std@0.150.0/_util/os.ts": "3b4c6e27febd119d36a416d7a97bd3b0251b77c88942c8f16ee5953ea13e2e49",
    "https://deno.land/std@0.150.0/async/abortable.ts": "87aa7230be8360c24ad437212311c9e8d4328854baec27b4c7abb26e85515c06",
    "https://deno.land/std@0.150.0/async/deadline.ts": "48ac998d7564969f3e6ec6b6f9bf0217ebd00239b1b2292feba61272d5dd58d0",
    "https://deno.land/std@0.150.0/async/debounce.ts": "564273ef242bcfcda19a439132f940db8694173abffc159ea34f07d18fc42620",
    "https://deno.land/std@0.150.0/async/deferred.ts": "bc18e28108252c9f67dfca2bbc4587c3cbf3aeb6e155f8c864ca8ecff992b98a",
    "https://deno.land/std@0.150.0/async/delay.ts": "cbbdf1c87d1aed8edc7bae13592fb3e27e3106e0748f089c263390d4f49e5f6c",
    "https://deno.land/std@0.150.0/async/mod.ts": "9852cd8ed897ab2d41a8fbee611d574e97898327db5c19d9d58e41126473f02c",
    "https://deno.land/std@0.150.0/async/mux_async_iterator.ts": "5b4aca6781ad0f2e19ccdf1d1a1c092ccd3e00d52050d9c27c772658c8367256",
    "https://deno.land/std@0.150.0/async/pool.ts": "ef9eb97b388543acbf0ac32647121e4dbe629236899586c4d4311a8770fbb239",
    "https://deno.land/std@0.150.0/async/tee.ts": "bcfae0017ebb718cf4eef9e2420e8675d91cb1bcc0ed9b668681af6e6caad846",
    "https://deno.land/std@0.150.0/fs/_util.ts": "2cf50bfb1081c2d5f2efec10ac19abbc2baf478e51cd1b057d0da2f30585b6ba",
    "https://deno.land/std@0.150.0/fs/walk.ts": "6ce8d87fbaeda23383e979599ad27f3f94b3e5ff0c0cd976b5fc5c2aa0df7d92",
    "https://deno.land/std@0.150.0/http/http_status.ts": "897575a7d6bc2b9123f6a38ecbc0f03d95a532c5d92029315dc9f508e12526b8",
    "https://deno.land/std@0.150.0/http/server.ts": "0b0a9f3abfcfecead944b31ee9098a0c11a59b0495bf873ee200eb80e7441483",
    "https://deno.land/std@0.150.0/media_types/_util.ts": "ce9b4fc4ba1c447dafab619055e20fd88236ca6bdd7834a21f98bd193c3fbfa1",
    "https://deno.land/std@0.150.0/media_types/mod.ts": "2d4b6f32a087029272dc59e0a55ae3cc4d1b27b794ccf528e94b1925795b3118",
    "https://deno.land/std@0.150.0/media_types/vendor/mime-db.v1.52.0.ts": "724cee25fa40f1a52d3937d6b4fbbfdd7791ff55e1b7ac08d9319d5632c7f5af",
    "https://deno.land/std@0.150.0/path/_constants.ts": "df1db3ffa6dd6d1252cc9617e5d72165cd2483df90e93833e13580687b6083c3",
    "https://deno.land/std@0.150.0/path/_interface.ts": "ee3b431a336b80cf445441109d089b70d87d5e248f4f90ff906820889ecf8d09",
    "https://deno.land/std@0.150.0/path/_util.ts": "c1e9686d0164e29f7d880b2158971d805b6e0efc3110d0b3e24e4b8af2190d2b",
    "https://deno.land/std@0.150.0/path/common.ts": "bee563630abd2d97f99d83c96c2fa0cca7cee103e8cb4e7699ec4d5db7bd2633",
    "https://deno.land/std@0.150.0/path/glob.ts": "cb5255638de1048973c3e69e420c77dc04f75755524cb3b2e160fe9277d939ee",
    "https://deno.land/std@0.150.0/path/mod.ts": "4945b430b759b0b3d98f2a278542cbcf95e0ad2bd8eaaed3c67322b306b2b346",
    "https://deno.land/std@0.150.0/path/posix.ts": "c1f7afe274290ea0b51da07ee205653b2964bd74909a82deb07b69a6cc383aaa",
    "https://deno.land/std@0.150.0/path/separator.ts": "fe1816cb765a8068afb3e8f13ad272351c85cbc739af56dacfc7d93d710fe0f9",
    "https://deno.land/std@0.150.0/path/win32.ts": "bd7549042e37879c68ff2f8576a25950abbfca1d696d41d82c7bca0b7e6f452c",
    "https://deno.land/std@0.152.0/async/abortable.ts": "87aa7230be8360c24ad437212311c9e8d4328854baec27b4c7abb26e85515c06",
    "https://deno.land/std@0.152.0/async/deadline.ts": "48ac998d7564969f3e6ec6b6f9bf0217ebd00239b1b2292feba61272d5dd58d0",
    "https://deno.land/std@0.152.0/async/debounce.ts": "564273ef242bcfcda19a439132f940db8694173abffc159ea34f07d18fc42620",
    "https://deno.land/std@0.152.0/async/deferred.ts": "bc18e28108252c9f67dfca2bbc4587c3cbf3aeb6e155f8c864ca8ecff992b98a",
    "https://deno.land/std@0.152.0/async/delay.ts": "cbbdf1c87d1aed8edc7bae13592fb3e27e3106e0748f089c263390d4f49e5f6c",
    "https://deno.land/std@0.152.0/async/mod.ts": "dd0a8ed4f3984ffabe2fcca7c9f466b7932d57b1864ffee148a5d5388316db6b",
    "https://deno.land/std@0.152.0/async/mux_async_iterator.ts": "5b4aca6781ad0f2e19ccdf1d1a1c092ccd3e00d52050d9c27c772658c8367256",
    "https://deno.land/std@0.152.0/async/pool.ts": "ef9eb97b388543acbf0ac32647121e4dbe629236899586c4d4311a8770fbb239",
    "https://deno.land/std@0.152.0/async/tee.ts": "bcfae0017ebb718cf4eef9e2420e8675d91cb1bcc0ed9b668681af6e6caad846",
    "https://deno.land/std@0.152.0/http/server.ts": "0b0a9f3abfcfecead944b31ee9098a0c11a59b0495bf873ee200eb80e7441483",
    "https://deno.land/std@0.181.0/_util/asserts.ts": "178dfc49a464aee693a7e285567b3d0b555dc805ff490505a8aae34f9cfb1462",
    "https://deno.land/std@0.181.0/_util/os.ts": "d932f56d41e4f6a6093d56044e29ce637f8dcc43c5a90af43504a889cf1775e3",
    "https://deno.land/std@0.181.0/path/_constants.ts": "e49961f6f4f48039c0dfed3c3f93e963ca3d92791c9d478ac5b43183413136e0",
    "https://deno.land/std@0.181.0/path/_interface.ts": "6471159dfbbc357e03882c2266d21ef9afdb1e4aa771b0545e90db58a0ba314b",
    "https://deno.land/std@0.181.0/path/_util.ts": "d7abb1e0dea065f427b89156e28cdeb32b045870acdf865833ba808a73b576d0",
    "https://deno.land/std@0.181.0/path/common.ts": "ee7505ab01fd22de3963b64e46cff31f40de34f9f8de1fff6a1bd2fe79380000",
    "https://deno.land/std@0.181.0/path/glob.ts": "d479e0a695621c94d3fd7fe7abd4f9499caf32a8de13f25073451c6ef420a4e1",
    "https://deno.land/std@0.181.0/path/mod.ts": "bf718f19a4fdd545aee1b06409ca0805bd1b68ecf876605ce632e932fe54510c",
    "https://deno.land/std@0.181.0/path/posix.ts": "8b7c67ac338714b30c816079303d0285dd24af6b284f7ad63da5b27372a2c94d",
    "https://deno.land/std@0.181.0/path/separator.ts": "0fb679739d0d1d7bf45b68dacfb4ec7563597a902edbaf3c59b50d5bcadd93b1",
    "https://deno.land/std@0.181.0/path/win32.ts": "d186344e5583bcbf8b18af416d13d82b35a317116e6460a5a3953508c3de5bba",
    "https://deno.land/x/denoflate@1.2.1/mod.ts": "f5628e44b80b3d80ed525afa2ba0f12408e3849db817d47a883b801f9ce69dd6",
    "https://deno.land/x/denoflate@1.2.1/pkg/denoflate.js": "b9f9ad9457d3f12f28b1fb35c555f57443427f74decb403113d67364e4f2caf4",
    "https://deno.land/x/denoflate@1.2.1/pkg/denoflate_bg.wasm.js": "d581956245407a2115a3d7e8d85a9641c032940a8e810acbd59ca86afd34d44d",
    "https://deno.land/x/emoji@0.2.1/all.json": "9beb741e050f6eaeab2e4529517a68fd55f4cde98d9a5008c5ef5537e4d2ddb5",
    "https://deno.land/x/emoji@0.2.1/emoji.ts": "59baa579fead2ea631cde96aefa03689ee2f1241ab76398965eddc5c66096047",
    "https://deno.land/x/emoji@0.2.1/mod.ts": "733bed20d9489f91fd16823bc0bff4943d995d7f1fdae6fea458b3e0927bde96",
    "https://deno.land/x/emoji@0.2.1/types.ts": "5897345f500088c719a35388c5b192bc5d93fc2c13e37d94eafa8ff3480edd17",
    "https://deno.land/x/emoji@0.2.1/unicode.ts": "ac8079e8e1da66ae9e601c1fdd0e7641120c2b07ca7bd2875e65fe23e16e6199",
    "https://deno.land/x/esbuild@v0.14.51/mod.d.ts": "c142324d0383c39de0d7660cd207a7f7f52c7198a13d7d3281c0d636a070f441",
    "https://deno.land/x/esbuild@v0.14.51/mod.js": "7432566c71fac77637822dc230319c7392a2d2fef51204c9d12c956d7093c279",
    "https://deno.land/x/esbuild@v0.14.51/wasm.d.ts": "c142324d0383c39de0d7660cd207a7f7f52c7198a13d7d3281c0d636a070f441",
    "https://deno.land/x/esbuild@v0.14.51/wasm.js": "afc1b6927543b664af60ce452c4929e5dc2bb9a0f4ed47b446a6431847c7598e",
    "https://deno.land/x/esbuild_deno_loader@0.5.2/deps.ts": "bf83c27b7787b2f245fa0bc0b99f5041aa949c000a81c016cfe828d06b476d37",
    "https://deno.land/x/esbuild_deno_loader@0.5.2/mod.ts": "bc111a68f323dbdb6edec68dd558ab732b27866d2ef304708872d763387b65d7",
    "https://deno.land/x/esbuild_deno_loader@0.5.2/src/deno.ts": "0e83ccabbe2b004389288e38df2031b79eb347df2d139fce9394d8e88a11f259",
    "https://deno.land/x/esbuild_deno_loader@0.5.2/src/native_loader.ts": "343854a566cf510cf25144f7c09fc0c1097780a31830305142a075d12bb697ba",
    "https://deno.land/x/esbuild_deno_loader@0.5.2/src/portable_loader.ts": "35b6c526eed8c2c781a3256b23c30aa7cce69c0ef1d583c15528663287ba18a3",
    "https://deno.land/x/esbuild_deno_loader@0.5.2/src/shared.ts": "b64749cd8c0f6252a11498bd8758ef1220003e46b2c9b68e16da63fd7e92b13a",
    "https://deno.land/x/fresh@1.1.4/plugins/twind.ts": "c0570d6010e29ba24ee5f43b9d3f1fe735f7fac76d9a3e680c9896373d669876",
    "https://deno.land/x/fresh@1.1.4/plugins/twind/shared.ts": "023e0ffcd66668753b5049edab0de46e6d66194fb6026c679034b9bbf04ad6f3",
    "https://deno.land/x/fresh@1.1.4/runtime.ts": "b02ec1e2e32cf73a33d262b7c9dcab9468ce16cd89fd424196c71003698a4ab0",
    "https://deno.land/x/fresh@1.1.4/server.ts": "f379c9aad24471a71e58fb887fa57e5cc27ad9df035987eb260541c78df38e84",
    "https://deno.land/x/fresh@1.1.4/src/runtime/csp.ts": "9ee900e9b0b786057b1009da5976298c202d1b86d1f1e4d2510bde5f06530ac9",
    "https://deno.land/x/fresh@1.1.4/src/runtime/head.ts": "0f9932874497ab6e57ed1ba01d549e843523df4a5d36ef97460e7a43e3132fdc",
    "https://deno.land/x/fresh@1.1.4/src/runtime/utils.ts": "8320a874a44bdd5905c7d4b87a0e7a14a6c50a2ed133800e72ae57341e4d4faa",
    "https://deno.land/x/fresh@1.1.4/src/server/bundle.ts": "7fb20c084948894b8eca90984ef92c3f6d12a194910ecb9adee21ace9f1607bb",
    "https://deno.land/x/fresh@1.1.4/src/server/constants.ts": "ad10dda1bc20c25c2926f6a8cfd79ef4368d70b4b03a645f65c04b3fa7d93a8c",
    "https://deno.land/x/fresh@1.1.4/src/server/context.ts": "2773bf0f9b170f888a3135df5646b2cd5492add072eeb8569e73eb3cfcad963e",
    "https://deno.land/x/fresh@1.1.4/src/server/default_error_page.ts": "9a1a595a1a2b31c9b724b04db82b8af256285536db272658d831ac9ef1d3d448",
    "https://deno.land/x/fresh@1.1.4/src/server/deps.ts": "1b467e4d00109356b06117a9f2e5a21a2b48353a0e573b25cdbbfe7e9cfccb34",
    "https://deno.land/x/fresh@1.1.4/src/server/htmlescape.ts": "834ac7d0caa9fc38dffd9b8613fb47aeecd4f22d5d70c51d4b20a310c085835c",
    "https://deno.land/x/fresh@1.1.4/src/server/mod.ts": "72d213444334dd2e94c757a0eee0fc486c0919399ea9184d07ad042f34edd00d",
    "https://deno.land/x/fresh@1.1.4/src/server/render.ts": "6f50707bd1f6e33ed84bb71ae3b0996d202b953cefc4285f5356524c7b21f01f",
    "https://deno.land/x/fresh@1.1.4/src/server/types.ts": "dde992ab4ee635df71a7fc96fe4cd85943c1a9286ea8eb586563d5f5ca154955",
    "https://deno.land/x/gfm@0.2.1/deps.ts": "41f6f25cc563925271e242ad71bfa9909b8c22a41d678bff639ee5499659f30b",
    "https://deno.land/x/gfm@0.2.1/mod.ts": "7e476e318a985396c9b55efe55f4c881f63b163596d3f3716f7fc8be1a6e66a8",
    "https://deno.land/x/gfm@0.2.1/style.js": "86de9308f5d108ee0976e296260eb634c7477a11a9bebf44e6f863a5b8fb6d6d",
    "https://deno.land/x/importmap@0.2.1/_util.ts": "ada9a9618b537e6c0316c048a898352396c882b9f2de38aba18fd3f2950ede89",
    "https://deno.land/x/importmap@0.2.1/mod.ts": "ae3d1cd7eabd18c01a4960d57db471126b020f23b37ef14e1359bbb949227ade",
    "https://deno.land/x/rutt@0.0.14/mod.ts": "5027b8e8b12acca48b396a25aee74ad7ee94a25c24cda75571d7839cbd41113c",
    "https://esm.sh/*preact-render-to-string@5.2.4": "6f28c6eb8269aeea826ae5786ade43dc56ab0cfb06ca22cfb953fc1a80910be1",
    "https://esm.sh/he@1.2.0": "aee987fde74f24b5d2db3b3bd3dfb1fbd316841c2a72b65d35f0aac664bbfa37",
    "https://esm.sh/katex@0.16.4/dist/katex.mjs": "2cec48b231a20b9462a3c013c2c132b4ee90f7a3252a56e21912773d32845100",
    "https://esm.sh/marked@4.2.12": "da18f23390c7cf9a770caa06d3c7a8a99ad73367037423fec4e5d33d21023b69",
    "https://esm.sh/preact@10.11.0": "7a2563b2c3ec030072836f2d2746ffda575fbddd9bb573ec8f9ebdcdefabf4fa",
    "https://esm.sh/preact@10.11.0/hooks": "2b8ec155eb8b87501663f074acff1d55a9114fa7d88f0b39da06c940af1ff736",
    "https://esm.sh/preact@10.11.0/jsx-runtime": "5c123264f19799ab243211132dded45f6d42d594b5c78dd585f947d07bf20eae",
    "https://esm.sh/prismjs@1.29.0": "b0f8e5b64d0f69a6fdd98bbb92d0a567747f64b8bd0af07eaf592d53c5e88b9e",
    "https://esm.sh/sanitize-html@2.8.1?target=esnext": "0aad7c94550eb4b561e06853502bac1b935d779f59de91bebcec40953a00b471",
    "https://esm.sh/stable/preact@10.11.0/deno/hooks.js": "da007f66891314678a699e81043726a60ccc7981a8c65a6c5b2a83099dd4eb8c",
    "https://esm.sh/stable/preact@10.11.0/deno/jsx-runtime.js": "dd51d3a9e2006fc844e355973253755ef3d869729d44746dc69a2a4c14771f78",
    "https://esm.sh/stable/preact@10.11.0/deno/preact.mjs": "ad6f5591bcf99d1a3f92079b2215ee7d0b00aed264afde30b4290159142328dd",
    "https://esm.sh/twind@0.16.17": "f9dc7b94acc81710b03fa3958ad4ef36fdd4d62fe36a73ad352c360a7858df4f",
    "https://esm.sh/twind@0.16.17/sheets": "84b5e5daa66b6194284f194c8e3b83b80d20d2ddef4038add3dfa6db5b13a50b",
    "https://esm.sh/v113/@types/he@1.2.0/index.d.ts": "baaae0918f67a340020b36c4499d5e4abfc153e0f93e3263054ebc1c1a1fe3bc",
    "https://esm.sh/v113/@types/marked@4.0.8/index.d.ts": "0b2fcecb260110d36514d4a845e10d98d19ae62f19ff18a5fc0181c31e1be8ef",
    "https://esm.sh/v113/@types/prismjs@1.26.0/index.d.ts": "6484309596f594ae824513336bd2a2e04a1902b06bb149fa904f5cae5fbe5c50",
    "https://esm.sh/v113/@types/sanitize-html@2.8.1/index.d.ts": "3ed4f183db347ca34d653ba83cede7280730e383bf2c759f3929b8e48906de2d",
    "https://esm.sh/v113/csstype@3.1.1/index.d.ts": "1c29793071152b207c01ea1954e343be9a44d85234447b2b236acae9e709a383",
    "https://esm.sh/v113/deepmerge@4.3.1/esnext/deepmerge.mjs": "426fb4ada3c99ddd720d7c28ce216d8fcb47543e3d64ead96d97b1103cc16487",
    "https://esm.sh/v113/dom-serializer@2.0.0/esnext/dom-serializer.mjs": "5993019525622bc3676da17a9df934eefbb8372ac394c1298bf8281133a12c89",
    "https://esm.sh/v113/dom-serializer@2.0.0/lib/index.d.ts": "1a179f7c77960636ff47588db67fde59de9efa7c90523d9abc3bf0a436ef2c65",
    "https://esm.sh/v113/domelementtype@2.3.0/esnext/domelementtype.mjs": "1e4dd3222620668a50040012a6b0d1582e89e7a570826a079a11226a7929e20c",
    "https://esm.sh/v113/domelementtype@2.3.0/lib/index.d.ts": "e307d69c2e131e39db6038b4bd51916c6cd787e01d730ad0c28c60491d0accf2",
    "https://esm.sh/v113/domhandler@5.0.3/esnext/domhandler.mjs": "586b70a0ecae46ac2329e8faf3da3aa8bc0ef79c6eee50c8601812b5299e8f2d",
    "https://esm.sh/v113/domhandler@5.0.3/lib/index.d.ts": "587a74d5be3d1ff7904170380e0a40e69ca29c3186e88c9f360462a920051348",
    "https://esm.sh/v113/domhandler@5.0.3/lib/node.d.ts": "1b8a14ba391b3e61515089a8f26e21244cc6c922d10438ea8204377c4b186e57",
    "https://esm.sh/v113/domutils@3.0.1/esnext/domutils.mjs": "a3b0ed49b55823797a4f333942a8034ef15683590afc62aa3e0ce67a122d7254",
    "https://esm.sh/v113/domutils@3.0.1/lib/feeds.d.ts": "d04b1bc972d4106deac1006d161d50232641cae41757b1b8051fba1135ace719",
    "https://esm.sh/v113/domutils@3.0.1/lib/helpers.d.ts": "b03801f4b9078bd3abade508347e188ecaa8172e92323fce5de47f866f0f556c",
    "https://esm.sh/v113/domutils@3.0.1/lib/index.d.ts": "914f44c8a7af80790dd852f60b3aa1b6890a835a898c95aaecd7f367a6796c2b",
    "https://esm.sh/v113/domutils@3.0.1/lib/legacy.d.ts": "2f79d9e8464cea2c361a0db28073ea66a5bc6d593751e4cb36bd7ea74f25c44a",
    "https://esm.sh/v113/domutils@3.0.1/lib/manipulation.d.ts": "ea722ad683b32f952d79cee523b05f2d35f183ba88c139c5ce139d66dbe067f0",
    "https://esm.sh/v113/domutils@3.0.1/lib/querying.d.ts": "9dc514e2db319ccc4518291ddab81bd544b0467a8f6418c7c5de47a62bcb087f",
    "https://esm.sh/v113/domutils@3.0.1/lib/stringify.d.ts": "89fb8eb9aac8e90a014ea40d1b5c003787854e3a884508ad5d012842fc4ea477",
    "https://esm.sh/v113/domutils@3.0.1/lib/traversal.d.ts": "cf9983147467a135b50d9eb198fe3d895e2a099a2a2bb56da1eeb4af46c92aac",
    "https://esm.sh/v113/entities@4.4.0/esnext/entities.mjs": "d97728f4929c3231f010dfbef4eb196cdd819c29990380decaf70f42f519e650",
    "https://esm.sh/v113/entities@4.4.0/esnext/lib/decode.js.js": "3a85c5c2ec8cac39ce7c37c3867c1df4aef7a9617ddb6619e0ca48876a275ba2",
    "https://esm.sh/v113/escape-string-regexp@4.0.0/esnext/escape-string-regexp.mjs": "7f00803b40f74aee2522808c0cf76057a715636dd84f4f679731b0e935cd3a56",
    "https://esm.sh/v113/he@1.2.0/deno/he.mjs": "572efc9730e217ade18d6528968a86ad2c4c95ac17abfd1db0833d327a952700",
    "https://esm.sh/v113/htmlparser2@8.0.2/esnext/htmlparser2.mjs": "e0e09df5cd54fd96b2dea55a3936a0b3cb910ed05fb306242674efe4371805bb",
    "https://esm.sh/v113/htmlparser2@8.0.2/lib/Parser.d.ts": "ff328f0ef96fee84f88ee254e18a235bdfe4a2dfac0f4d2dc754744bd69bca54",
    "https://esm.sh/v113/htmlparser2@8.0.2/lib/Tokenizer.d.ts": "41787f4904cb436cf92cba22f574829aeb7a527138e1dd228a2084e796c11bb8",
    "https://esm.sh/v113/htmlparser2@8.0.2/lib/index.d.ts": "ee89003db570b44708339d683961773a49d78e711a8bfddc7e130d1723ea02dd",
    "https://esm.sh/v113/is-plain-object@5.0.0/esnext/is-plain-object.mjs": "d990fb0c3e251072728088888873225a35995aedff2e3b443b5e3c33efe1be3b",
    "https://esm.sh/v113/katex@0.16.4/deno/dist/katex.mjs.js": "9d1682d75bd749d5f090daef7bf981ca6c1aca447ba10dd79db7a9d342c9cd46",
    "https://esm.sh/v113/marked@4.2.12/deno/marked.mjs": "e4ebef7be2ae56be2c2da45913a4426006bda8715f6ae0f85f05a72ee030b792",
    "https://esm.sh/v113/nanoid@3.3.4/esnext/non-secure.js": "0512d7dddf1297d6acada3daa5a22a31c2bb72b8273d77efae1bf8ce2a72e142",
    "https://esm.sh/v113/node_buffer.js": "445d389cb8c9f9fad5ff869ca2c2a863d178d410795ebd5f2f39d9a029156d56",
    "https://esm.sh/v113/node_events.js": "507b1d9405b8384264d683e0508416c4be85498e65d32d0fcf64d6d353a30151",
    "https://esm.sh/v113/node_process.js": "138682d1c2af338932526443b7513103b898a9460d3e461ee315d3a68060342a",
    "https://esm.sh/v113/parse-srcset@1.0.2/esnext/parse-srcset.mjs": "99266fb819ffab3c5419aab0beeafbfb6e8572dac0bb33ad9a47da77af0a8224",
    "https://esm.sh/v113/picocolors@1.0.0/esnext/picocolors.mjs": "df13f83b999dcfb6c81373ff205b7ce912b8518d833754ca3b312f764d4500fb",
    "https://esm.sh/v113/postcss@8.4.21/esnext/postcss.mjs": "899804a361e0621bcd83c47f03468a7acfccd4de1ac3beee2d4bd04b6fced5ee",
    "https://esm.sh/v113/preact-render-to-string@5.2.4/X-ZS8q/deno/preact-render-to-string.mjs": "5ddbdb771669d535c808638acaa03e0866128c4e58462aa34de05a8997d6f635",
    "https://esm.sh/v113/preact-render-to-string@5.2.4/X-ZS8q/src/index.d.ts": "b1d73703252c8570fdf2952475805f5808ba3511fefbd93a3e7bd8406de7dcd0",
    "https://esm.sh/v113/preact@10.11.0/hooks/src/index.d.ts": "5c29febb624fc25d71cb0e125848c9b711e233337a08f7eacfade38fd4c14cc3",
    "https://esm.sh/v113/preact@10.11.0/jsx-runtime/src/index.d.ts": "e153460ed2b3fe2ad8b93696ecd48fbf73cd628b0b0ea6692b71804a3af69dfd",
    "https://esm.sh/v113/preact@10.11.0/src/index.d.ts": "1a5c331227be54be6515b0c92a469d352834fa413963ae84a39a05a3177111f6",
    "https://esm.sh/v113/preact@10.11.0/src/jsx.d.ts": "c423715fd7992b2e1446fea11d2d04e8adbd66c1edca1ce5e85f90e0d26a2eb2",
    "https://esm.sh/v113/prismjs@1.29.0/deno/prismjs.mjs": "83f2d67f19ae74ff9c9c29f5533f7ab8e5d9191000661024610ba73c4d07b87b",
    "https://esm.sh/v113/sanitize-html@2.8.1/esnext/sanitize-html.mjs": "60a1f24c65e0cf32254c572491c2f857d6a58010f24b08cdfc25f5744baeb69e",
    "https://esm.sh/v113/style-vendorizer@2.2.3/deno/style-vendorizer.mjs": "fb725497dd9621a84f552f9b6a4f3df82af5989ff18c40e972de1bdf475c9765",
    "https://esm.sh/v113/twind@0.16.17/deno/sheets.js": "c504a460f5df2954f7334a821ef3ac9bedfc94dcc3f0dbf60af8d22f000391db",
    "https://esm.sh/v113/twind@0.16.17/deno/twind.mjs": "5c29f738ef054f05a0d6033563fde5d20db39f991ed59884aaae1f998d1402a3",
    "https://esm.sh/v113/twind@0.16.17/sheets/sheets.d.ts": "99d73e54a37ccb580a4b460fa05c709435536afde70a2072a4bb4672efa6f81b",
    "https://esm.sh/v113/twind@0.16.17/twind.d.ts": "dfcd37c02ead92e8d2f2619b6954c9faae75d8119b73d8d6e0c21f5275d783a3"
  }
}
